
Microsoft Visual Studio Solution File, Format Version 12.00
# Visual Studio Version 17
VisualStudioVersion = 17.0.31903.59
MinimumVisualStudioVersion = 10.0.40219.1
Project("{2150E333-8FDC-42A3-9474-1A3956D46DE8}") = "src", "src", "{CF47F793-6113-4EEA-B6D2-5FF544090F16}"
EndProject
Project("{2150E333-8FDC-42A3-9474-1A3956D46DE8}") = "test", "test", "{27AF0022-38DC-4E4D-B532-8F0929E6083E}"
EndProject
Project("{9A19103F-16F7-4668-BE54-9A1E7A4F7556}") = "BookingApp.Domain", "scr\BookingApp.Domain\BookingApp.Domain.csproj", "{7A439C5C-F2BC-4D01-B80C-0CD5114AC78E}"
EndProject
Project("{FAE04EC0-301F-11D3-BF4B-00C04F79EFBC}") = "BookingApp.Application", "scr\BookingApp.Application\BookingApp.Application.csproj", "{AADDF300-01A9-43DA-B173-4A0FFE630A00}"
EndProject
Global
	GlobalSection(SolutionConfigurationPlatforms) = preSolution
		Debug|Any CPU = Debug|Any CPU
		Release|Any CPU = Release|Any CPU
	EndGlobalSection
	GlobalSection(ProjectConfigurationPlatforms) = postSolution
		{7A439C5C-F2BC-4D01-B80C-0CD5114AC78E}.Debug|Any CPU.ActiveCfg = Debug|Any CPU
		{7A439C5C-F2BC-4D01-B80C-0CD5114AC78E}.Debug|Any CPU.Build.0 = Debug|Any CPU
		{7A439C5C-F2BC-4D01-B80C-0CD5114AC78E}.Release|Any CPU.ActiveCfg = Release|Any CPU
		{7A439C5C-F2BC-4D01-B80C-0CD5114AC78E}.Release|Any CPU.Build.0 = Release|Any CPU
		{AADDF300-01A9-43DA-B173-4A0FFE630A00}.Debug|Any CPU.ActiveCfg = Debug|Any CPU
		{AADDF300-01A9-43DA-B173-4A0FFE630A00}.Debug|Any CPU.Build.0 = Debug|Any CPU
		{AADDF300-01A9-43DA-B173-4A0FFE630A00}.Release|Any CPU.ActiveCfg = Release|Any CPU
		{AADDF300-01A9-43DA-B173-4A0FFE630A00}.Release|Any CPU.Build.0 = Release|Any CPU
	EndGlobalSection
	GlobalSection(SolutionProperties) = preSolution
		HideSolutionNode = FALSE
	EndGlobalSection
	GlobalSection(NestedProjects) = preSolution
		{7A439C5C-F2BC-4D01-B80C-0CD5114AC78E} = {CF47F793-6113-4EEA-B6D2-5FF544090F16}
		{AADDF300-01A9-43DA-B173-4A0FFE630A00} = {CF47F793-6113-4EEA-B6D2-5FF544090F16}
	EndGlobalSection
	GlobalSection(ExtensibilityGlobals) = postSolution
		SolutionGuid = {CCD1BE51-680F-43FA-B733-955651004C75}
	EndGlobalSection
EndGlobal
